
Microsoft Visual Studio Solution File, Format Version 12.00
# Visual Studio Version 16
VisualStudioVersion = 16.0.29215.179
MinimumVisualStudioVersion = 10.0.40219.1
Project("{FAE04EC0-301F-11D3-BF4B-00C04F79EFBC}") = "MontyHallGame", "MontyHallGame\MontyHallGame.csproj", "{687853BA-7ADF-4AF4-9150-342ED626DC64}"
EndProject
Global
	GlobalSection(SolutionConfigurationPlatforms) = preSolution
		Debug|Any CPU = Debug|Any CPU
		Release|Any CPU = Release|Any CPU
	EndGlobalSection
	GlobalSection(ProjectConfigurationPlatforms) = postSolution
		{687853BA-7ADF-4AF4-9150-342ED626DC64}.Debug|Any CPU.ActiveCfg = Debug|Any CPU
		{687853BA-7ADF-4AF4-9150-342ED626DC64}.Debug|Any CPU.Build.0 = Debug|Any CPU
		{687853BA-7ADF-4AF4-9150-342ED626DC64}.Release|Any CPU.ActiveCfg = Release|Any CPU
		{687853BA-7ADF-4AF4-9150-342ED626DC64}.Release|Any CPU.Build.0 = Release|Any CPU
	EndGlobalSection
	GlobalSection(SolutionProperties) = preSolution
		HideSolutionNode = FALSE
	EndGlobalSection
	GlobalSection(ExtensibilityGlobals) = postSolution
		SolutionGuid = {B7BA17DB-7795-40CE-9B44-C3EB45DBB578}
	EndGlobalSection
EndGlobal
